// !$*UTF8*$!
{
	archiveVersion = 1;
	classes = {
	};
	objectVersion = 77;
	objects = {

/* Begin PBXBuildFile section */
		622CFC682EC27FF200BB19F4 /* TrackViewModelTests.swift in Sources */ = {isa = PBXBuildFile; fileRef = 622CFC662EC27FF200BB19F4 /* TrackViewModelTests.swift */; };
		622CFC6C2EC27FFB00BB19F4 /* Spotify_Clone_IOSUITests.swift in Sources */ = {isa = PBXBuildFile; fileRef = 622CFC692EC27FFB00BB19F4 /* Spotify_Clone_IOSUITests.swift */; };
		622CFC6D2EC27FFB00BB19F4 /* Spotify_Clone_IOSUITestsLaunchTests.swift in Sources */ = {isa = PBXBuildFile; fileRef = 622CFC6A2EC27FFB00BB19F4 /* Spotify_Clone_IOSUITestsLaunchTests.swift */; };
		622CFC7F2EC2849800BB19F4 /* TrackTests.swift in Sources */ = {isa = PBXBuildFile; fileRef = 622CFC7E2EC2849800BB19F4 /* TrackTests.swift */; };
		622CFC812EC2849F00BB19F4 /* TrackDetailTests.swift in Sources */ = {isa = PBXBuildFile; fileRef = 622CFC802EC2849F00BB19F4 /* TrackDetailTests.swift */; };
		622CFC832EC284A500BB19F4 /* AlbumTests.swift in Sources */ = {isa = PBXBuildFile; fileRef = 622CFC822EC284A500BB19F4 /* AlbumTests.swift */; };
		622CFC852EC284AA00BB19F4 /* AlbumMyTests.swift in Sources */ = {isa = PBXBuildFile; fileRef = 622CFC842EC284AA00BB19F4 /* AlbumMyTests.swift */; };
		622CFC872EC284B000BB19F4 /* ArtistTests.swift in Sources */ = {isa = PBXBuildFile; fileRef = 622CFC862EC284B000BB19F4 /* ArtistTests.swift */; };
		622CFC892EC284B500BB19F4 /* UserTests.swift in Sources */ = {isa = PBXBuildFile; fileRef = 622CFC882EC284B500BB19F4 /* UserTests.swift */; };
		622CFC8B2EC284BA00BB19F4 /* GenreTests.swift in Sources */ = {isa = PBXBuildFile; fileRef = 622CFC8A2EC284BA00BB19F4 /* GenreTests.swift */; };
		622CFC8D2EC284BE00BB19F4 /* PlaylistTests.swift in Sources */ = {isa = PBXBuildFile; fileRef = 622CFC8C2EC284BE00BB19F4 /* PlaylistTests.swift */; };
		622CFC8F2EC284C300BB19F4 /* PlaylistDetailTests.swift in Sources */ = {isa = PBXBuildFile; fileRef = 622CFC8E2EC284C300BB19F4 /* PlaylistDetailTests.swift */; };
		622CFC912EC284C700BB19F4 /* LicenseTests.swift in Sources */ = {isa = PBXBuildFile; fileRef = 622CFC902EC284C700BB19F4 /* LicenseTests.swift */; };
		622CFC932EC284CC00BB19F4 /* AuthModelsTests.swift in Sources */ = {isa = PBXBuildFile; fileRef = 622CFC922EC284CC00BB19F4 /* AuthModelsTests.swift */; };
		622CFC952EC284D100BB19F4 /* ResponseModelsTests.swift in Sources */ = {isa = PBXBuildFile; fileRef = 622CFC942EC284D100BB19F4 /* ResponseModelsTests.swift */; };
		622CFC972EC284D500BB19F4 /* FavoriteModelsTests.swift in Sources */ = {isa = PBXBuildFile; fileRef = 622CFC962EC284D500BB19F4 /* FavoriteModelsTests.swift */; };
		622CFC992EC7659600BB19F4 /* Test.swift in Sources */ = {isa = PBXBuildFile; fileRef = 622CFC982EC7659600BB19F4 /* Test.swift */; };
		6251EB2D2F438F7E00DD4E57 /* SearchTextDebouncer.swift in Sources */ = {isa = PBXBuildFile; fileRef = 6251EB2C2F438F7E00DD4E57 /* SearchTextDebouncer.swift */; };
/* End PBXBuildFile section */

/* Begin PBXContainerItemProxy section */
		627246C32DDB84AE000C8562 /* PBXContainerItemProxy */ = {
			isa = PBXContainerItemProxy;
			containerPortal = 627246AA2DDB84AD000C8562 /* Project object */;
			proxyType = 1;
			remoteGlobalIDString = 627246B12DDB84AD000C8562;
			remoteInfo = Spotify_Clone_IOS;
		};
		627246CD2DDB84AE000C8562 /* PBXContainerItemProxy */ = {
			isa = PBXContainerItemProxy;
			containerPortal = 627246AA2DDB84AD000C8562 /* Project object */;
			proxyType = 1;
			remoteGlobalIDString = 627246B12DDB84AD000C8562;
			remoteInfo = Spotify_Clone_IOS;
		};
/* End PBXContainerItemProxy section */

/* Begin PBXFileReference section */
		622CFC662EC27FF200BB19F4 /* TrackViewModelTests.swift */ = {isa = PBXFileReference; lastKnownFileType = sourcecode.swift; path = TrackViewModelTests.swift; sourceTree = "<group>"; };
		622CFC692EC27FFB00BB19F4 /* Spotify_Clone_IOSUITests.swift */ = {isa = PBXFileReference; lastKnownFileType = sourcecode.swift; path = Spotify_Clone_IOSUITests.swift; sourceTree = "<group>"; };
		622CFC6A2EC27FFB00BB19F4 /* Spotify_Clone_IOSUITestsLaunchTests.swift */ = {isa = PBXFileReference; lastKnownFileType = sourcecode.swift; path = Spotify_Clone_IOSUITestsLaunchTests.swift; sourceTree = "<group>"; };
		622CFC7E2EC2849800BB19F4 /* TrackTests.swift */ = {isa = PBXFileReference; lastKnownFileType = sourcecode.swift; path = TrackTests.swift; sourceTree = "<group>"; };
		622CFC802EC2849F00BB19F4 /* TrackDetailTests.swift */ = {isa = PBXFileReference; lastKnownFileType = sourcecode.swift; path = TrackDetailTests.swift; sourceTree = "<group>"; };
		622CFC822EC284A500BB19F4 /* AlbumTests.swift */ = {isa = PBXFileReference; lastKnownFileType = sourcecode.swift; path = AlbumTests.swift; sourceTree = "<group>"; };
		622CFC842EC284AA00BB19F4 /* AlbumMyTests.swift */ = {isa = PBXFileReference; lastKnownFileType = sourcecode.swift; path = AlbumMyTests.swift; sourceTree = "<group>"; };
		622CFC862EC284B000BB19F4 /* ArtistTests.swift */ = {isa = PBXFileReference; lastKnownFileType = sourcecode.swift; path = ArtistTests.swift; sourceTree = "<group>"; };
		622CFC882EC284B500BB19F4 /* UserTests.swift */ = {isa = PBXFileReference; lastKnownFileType = sourcecode.swift; path = UserTests.swift; sourceTree = "<group>"; };
		622CFC8A2EC284BA00BB19F4 /* GenreTests.swift */ = {isa = PBXFileReference; lastKnownFileType = sourcecode.swift; path = GenreTests.swift; sourceTree = "<group>"; };
		622CFC8C2EC284BE00BB19F4 /* PlaylistTests.swift */ = {isa = PBXFileReference; lastKnownFileType = sourcecode.swift; path = PlaylistTests.swift; sourceTree = "<group>"; };
		622CFC8E2EC284C300BB19F4 /* PlaylistDetailTests.swift */ = {isa = PBXFileReference; lastKnownFileType = sourcecode.swift; path = PlaylistDetailTests.swift; sourceTree = "<group>"; };
		622CFC902EC284C700BB19F4 /* LicenseTests.swift */ = {isa = PBXFileReference; lastKnownFileType = sourcecode.swift; path = LicenseTests.swift; sourceTree = "<group>"; };
		622CFC922EC284CC00BB19F4 /* AuthModelsTests.swift */ = {isa = PBXFileReference; lastKnownFileType = sourcecode.swift; path = AuthModelsTests.swift; sourceTree = "<group>"; };
		622CFC942EC284D100BB19F4 /* ResponseModelsTests.swift */ = {isa = PBXFileReference; lastKnownFileType = sourcecode.swift; path = ResponseModelsTests.swift; sourceTree = "<group>"; };
		622CFC962EC284D500BB19F4 /* FavoriteModelsTests.swift */ = {isa = PBXFileReference; lastKnownFileType = sourcecode.swift; path = FavoriteModelsTests.swift; sourceTree = "<group>"; };
		622CFC982EC7659600BB19F4 /* Test.swift */ = {isa = PBXFileReference; lastKnownFileType = sourcecode.swift; path = Test.swift; sourceTree = "<group>"; };
		6251EB2C2F438F7E00DD4E57 /* SearchTextDebouncer.swift */ = {isa = PBXFileReference; lastKnownFileType = sourcecode.swift; path = SearchTextDebouncer.swift; sourceTree = "<group>"; };
		627246B22DDB84AD000C8562 /* Spotify_Clone_IOS.app */ = {isa = PBXFileReference; explicitFileType = wrapper.application; includeInIndex = 0; path = Spotify_Clone_IOS.app; sourceTree = BUILT_PRODUCTS_DIR; };
		627246C22DDB84AE000C8562 /* Spotify_Clone_IOSTests.xctest */ = {isa = PBXFileReference; explicitFileType = wrapper.cfbundle; includeInIndex = 0; path = Spotify_Clone_IOSTests.xctest; sourceTree = BUILT_PRODUCTS_DIR; };
		627246CC2DDB84AE000C8562 /* Spotify_Clone_IOSUITests.xctest */ = {isa = PBXFileReference; explicitFileType = wrapper.cfbundle; includeInIndex = 0; path = Spotify_Clone_IOSUITests.xctest; sourceTree = BUILT_PRODUCTS_DIR; };
/* End PBXFileReference section */

/* Begin PBXFileSystemSynchronizedRootGroup section */
		627246B42DDB84AD000C8562 /* Spotify_Clone_IOS */ = {
			isa = PBXFileSystemSynchronizedRootGroup;
			path = Spotify_Clone_IOS;
			sourceTree = "<group>";
		};
/* End PBXFileSystemSynchronizedRootGroup section */

/* Begin PBXFrameworksBuildPhase section */
		627246AF2DDB84AD000C8562 /* Frameworks */ = {
			isa = PBXFrameworksBuildPhase;
			buildActionMask = 2147483647;
			files = (
			);
			runOnlyForDeploymentPostprocessing = 0;
		};
		627246BF2DDB84AE000C8562 /* Frameworks */ = {
			isa = PBXFrameworksBuildPhase;
			buildActionMask = 2147483647;
			files = (
			);
			runOnlyForDeploymentPostprocessing = 0;
		};
		627246C92DDB84AE000C8562 /* Frameworks */ = {
			isa = PBXFrameworksBuildPhase;
			buildActionMask = 2147483647;
			files = (
			);
			runOnlyForDeploymentPostprocessing = 0;
		};
/* End PBXFrameworksBuildPhase section */

/* Begin PBXGroup section */
		622CFC672EC27FF200BB19F4 /* Spotify_Clone_IOSTests */ = {
			isa = PBXGroup;
			children = (
				622CFC6E2EC2833600BB19F4 /* Tests */,
				622CFC662EC27FF200BB19F4 /* TrackViewModelTests.swift */,
			);
			path = Spotify_Clone_IOSTests;
			sourceTree = "<group>";
		};
		622CFC6B2EC27FFB00BB19F4 /* Spotify_Clone_IOSUITests */ = {
			isa = PBXGroup;
			children = (
				622CFC692EC27FFB00BB19F4 /* Spotify_Clone_IOSUITests.swift */,
				622CFC6A2EC27FFB00BB19F4 /* Spotify_Clone_IOSUITestsLaunchTests.swift */,
			);
			path = Spotify_Clone_IOSUITests;
			sourceTree = "<group>";
		};
		622CFC6E2EC2833600BB19F4 /* Tests */ = {
			isa = PBXGroup;
			children = (
				622CFC732EC2836A00BB19F4 /* Mocks */,
				622CFC722EC2836300BB19F4 /* ViewModels */,
				622CFC712EC2835C00BB19F4 /* Services */,
				622CFC702EC2835100BB19F4 /* Network */,
				622CFC6F2EC2834700BB19F4 /* Models */,
			);
			path = Tests;
			sourceTree = "<group>";
		};
		622CFC6F2EC2834700BB19F4 /* Models */ = {
			isa = PBXGroup;
			children = (
				622CFC882EC284B500BB19F4 /* UserTests.swift */,
				622CFC862EC284B000BB19F4 /* ArtistTests.swift */,
				622CFC842EC284AA00BB19F4 /* AlbumMyTests.swift */,
				622CFC822EC284A500BB19F4 /* AlbumTests.swift */,
				622CFC802EC2849F00BB19F4 /* TrackDetailTests.swift */,
				622CFC962EC284D500BB19F4 /* FavoriteModelsTests.swift */,
				622CFC942EC284D100BB19F4 /* ResponseModelsTests.swift */,
				622CFC922EC284CC00BB19F4 /* AuthModelsTests.swift */,
				622CFC902EC284C700BB19F4 /* LicenseTests.swift */,
				622CFC8E2EC284C300BB19F4 /* PlaylistDetailTests.swift */,
				622CFC8C2EC284BE00BB19F4 /* PlaylistTests.swift */,
				622CFC8A2EC284BA00BB19F4 /* GenreTests.swift */,
				622CFC7E2EC2849800BB19F4 /* TrackTests.swift */,
				622CFC982EC7659600BB19F4 /* Test.swift */,
			);
			path = Models;
			sourceTree = "<group>";
		};
		622CFC702EC2835100BB19F4 /* Network */ = {
			isa = PBXGroup;
			children = (
			);
			path = Network;
			sourceTree = "<group>";
		};
		622CFC712EC2835C00BB19F4 /* Services */ = {
			isa = PBXGroup;
			children = (
			);
			path = Services;
			sourceTree = "<group>";
		};
		622CFC722EC2836300BB19F4 /* ViewModels */ = {
			isa = PBXGroup;
			children = (
			);
			path = ViewModels;
			sourceTree = "<group>";
		};
		622CFC732EC2836A00BB19F4 /* Mocks */ = {
			isa = PBXGroup;
			children = (
			);
			path = Mocks;
			sourceTree = "<group>";
		};
		627246A92DDB84AD000C8562 = {
			isa = PBXGroup;
			children = (
				622CFC6B2EC27FFB00BB19F4 /* Spotify_Clone_IOSUITests */,
				622CFC672EC27FF200BB19F4 /* Spotify_Clone_IOSTests */,
				627246B42DDB84AD000C8562 /* Spotify_Clone_IOS */,
				627246B32DDB84AD000C8562 /* Products */,
				6251EB2C2F438F7E00DD4E57 /* SearchTextDebouncer.swift */,
			);
			sourceTree = "<group>";
		};
		627246B32DDB84AD000C8562 /* Products */ = {
			isa = PBXGroup;
			children = (
				627246B22DDB84AD000C8562 /* Spotify_Clone_IOS.app */,
				627246C22DDB84AE000C8562 /* Spotify_Clone_IOSTests.xctest */,
				627246CC2DDB84AE000C8562 /* Spotify_Clone_IOSUITests.xctest */,
			);
			name = Products;
			sourceTree = "<group>";
		};
/* End PBXGroup section */

/* Begin PBXNativeTarget section */
		627246B12DDB84AD000C8562 /* Spotify_Clone_IOS */ = {
			isa = PBXNativeTarget;
			buildConfigurationList = 627246D62DDB84AE000C8562 /* Build configuration list for PBXNativeTarget "Spotify_Clone_IOS" */;
			buildPhases = (
				627246AE2DDB84AD000C8562 /* Sources */,
				627246AF2DDB84AD000C8562 /* Frameworks */,
				627246B02DDB84AD000C8562 /* Resources */,
			);
			buildRules = (
			);
			dependencies = (
			);
			fileSystemSynchronizedGroups = (
				627246B42DDB84AD000C8562 /* Spotify_Clone_IOS */,
			);
			name = Spotify_Clone_IOS;
			packageProductDependencies = (
			);
			productName = Spotify_Clone_IOS;
			productReference = 627246B22DDB84AD000C8562 /* Spotify_Clone_IOS.app */;
			productType = "com.apple.product-type.application";
		};
		627246C12DDB84AE000C8562 /* Spotify_Clone_IOSTests */ = {
			isa = PBXNativeTarget;
			buildConfigurationList = 627246D92DDB84AE000C8562 /* Build configuration list for PBXNativeTarget "Spotify_Clone_IOSTests" */;
			buildPhases = (
				627246BE2DDB84AE000C8562 /* Sources */,
				627246BF2DDB84AE000C8562 /* Frameworks */,
				627246C02DDB84AE000C8562 /* Resources */,
			);
			buildRules = (
			);
			dependencies = (
				627246C42DDB84AE000C8562 /* PBXTargetDependency */,
			);
			name = Spotify_Clone_IOSTests;
			packageProductDependencies = (
			);
			productName = Spotify_Clone_IOSTests;
			productReference = 627246C22DDB84AE000C8562 /* Spotify_Clone_IOSTests.xctest */;
			productType = "com.apple.product-type.bundle.unit-test";
		};
		627246CB2DDB84AE000C8562 /* Spotify_Clone_IOSUITests */ = {
			isa = PBXNativeTarget;
			buildConfigurationList = 627246DC2DDB84AE000C8562 /* Build configuration list for PBXNativeTarget "Spotify_Clone_IOSUITests" */;
			buildPhases = (
				627246C82DDB84AE000C8562 /* Sources */,
				627246C92DDB84AE000C8562 /* Frameworks */,
				627246CA2DDB84AE000C8562 /* Resources */,
			);
			buildRules = (
			);
			dependencies = (
				627246CE2DDB84AE000C8562 /* PBXTargetDependency */,
			);
			name = Spotify_Clone_IOSUITests;
			packageProductDependencies = (
			);
			productName = Spotify_Clone_IOSUITests;
			productReference = 627246CC2DDB84AE000C8562 /* Spotify_Clone_IOSUITests.xctest */;
			productType = "com.apple.product-type.bundle.ui-testing";
		};
/* End PBXNativeTarget section */

/* Begin PBXProject section */
		627246AA2DDB84AD000C8562 /* Project object */ = {
			isa = PBXProject;
			attributes = {
				BuildIndependentTargetsInParallel = 1;
				LastSwiftUpdateCheck = 1620;
				LastUpgradeCheck = 2620;
				TargetAttributes = {
					627246B12DDB84AD000C8562 = {
						CreatedOnToolsVersion = 16.2;
					};
					627246C12DDB84AE000C8562 = {
						CreatedOnToolsVersion = 16.2;
						TestTargetID = 627246B12DDB84AD000C8562;
					};
					627246CB2DDB84AE000C8562 = {
						CreatedOnToolsVersion = 16.2;
						TestTargetID = 627246B12DDB84AD000C8562;
					};
				};
			};
			buildConfigurationList = 627246AD2DDB84AD000C8562 /* Build configuration list for PBXProject "Spotify_Clone_IOS" */;
			developmentRegion = en;
			hasScannedForEncodings = 0;
			knownRegions = (
				en,
				Base,
			);
			mainGroup = 627246A92DDB84AD000C8562;
			minimizedProjectReferenceProxies = 1;
			preferredProjectObjectVersion = 77;
			productRefGroup = 627246B32DDB84AD000C8562 /* Products */;
			projectDirPath = "";
			projectRoot = "";
			targets = (
				627246B12DDB84AD000C8562 /* Spotify_Clone_IOS */,
				627246C12DDB84AE000C8562 /* Spotify_Clone_IOSTests */,
				627246CB2DDB84AE000C8562 /* Spotify_Clone_IOSUITests */,
			);
		};
/* End PBXProject section */

/* Begin PBXResourcesBuildPhase section */
		627246B02DDB84AD000C8562 /* Resources */ = {
			isa = PBXResourcesBuildPhase;
			buildActionMask = 2147483647;
			files = (
			);
			runOnlyForDeploymentPostprocessing = 0;
		};
		627246C02DDB84AE000C8562 /* Resources */ = {
			isa = PBXResourcesBuildPhase;
			buildActionMask = 2147483647;
			files = (
			);
			runOnlyForDeploymentPostprocessing = 0;
		};
		627246CA2DDB84AE000C8562 /* Resources */ = {
			isa = PBXResourcesBuildPhase;
			buildActionMask = 2147483647;
			files = (
			);
			runOnlyForDeploymentPostprocessing = 0;
		};
/* End PBXResourcesBuildPhase section */

/* Begin PBXSourcesBuildPhase section */
		627246AE2DDB84AD000C8562 /* Sources */ = {
			isa = PBXSourcesBuildPhase;
			buildActionMask = 2147483647;
			files = (
				6251EB2D2F438F7E00DD4E57 /* SearchTextDebouncer.swift in Sources */,
			);
			runOnlyForDeploymentPostprocessing = 0;
		};
		627246BE2DDB84AE000C8562 /* Sources */ = {
			isa = PBXSourcesBuildPhase;
			buildActionMask = 2147483647;
			files = (
				622CFC812EC2849F00BB19F4 /* TrackDetailTests.swift in Sources */,
				622CFC932EC284CC00BB19F4 /* AuthModelsTests.swift in Sources */,
				622CFC992EC7659600BB19F4 /* Test.swift in Sources */,
				622CFC8D2EC284BE00BB19F4 /* PlaylistTests.swift in Sources */,
				622CFC682EC27FF200BB19F4 /* TrackViewModelTests.swift in Sources */,
				622CFC872EC284B000BB19F4 /* ArtistTests.swift in Sources */,
				622CFC952EC284D100BB19F4 /* ResponseModelsTests.swift in Sources */,
				622CFC912EC284C700BB19F4 /* LicenseTests.swift in Sources */,
				622CFC892EC284B500BB19F4 /* UserTests.swift in Sources */,
				622CFC7F2EC2849800BB19F4 /* TrackTests.swift in Sources */,
				622CFC8F2EC284C300BB19F4 /* PlaylistDetailTests.swift in Sources */,
				622CFC852EC284AA00BB19F4 /* AlbumMyTests.swift in Sources */,
				622CFC832EC284A500BB19F4 /* AlbumTests.swift in Sources */,
				622CFC8B2EC284BA00BB19F4 /* GenreTests.swift in Sources */,
				622CFC972EC284D500BB19F4 /* FavoriteModelsTests.swift in Sources */,
			);
			runOnlyForDeploymentPostprocessing = 0;
		};
		627246C82DDB84AE000C8562 /* Sources */ = {
			isa = PBXSourcesBuildPhase;
			buildActionMask = 2147483647;
			files = (
				622CFC6C2EC27FFB00BB19F4 /* Spotify_Clone_IOSUITests.swift in Sources */,
				622CFC6D2EC27FFB00BB19F4 /* Spotify_Clone_IOSUITestsLaunchTests.swift in Sources */,
			);
			runOnlyForDeploymentPostprocessing = 0;
		};
/* End PBXSourcesBuildPhase section */

/* Begin PBXTargetDependency section */
		627246C42DDB84AE000C8562 /* PBXTargetDependency */ = {
			isa = PBXTargetDependency;
			target = 627246B12DDB84AD000C8562 /* Spotify_Clone_IOS */;
			targetProxy = 627246C32DDB84AE000C8562 /* PBXContainerItemProxy */;
		};
		627246CE2DDB84AE000C8562 /* PBXTargetDependency */ = {
			isa = PBXTargetDependency;
			target = 627246B12DDB84AD000C8562 /* Spotify_Clone_IOS */;
			targetProxy = 627246CD2DDB84AE000C8562 /* PBXContainerItemProxy */;
		};
/* End PBXTargetDependency section */

/* Begin XCBuildConfiguration section */
		627246D42DDB84AE000C8562 /* Debug */ = {
			isa = XCBuildConfiguration;
			buildSettings = {
				ALWAYS_SEARCH_USER_PATHS = NO;
				ASSETCATALOG_COMPILER_GENERATE_SWIFT_ASSET_SYMBOL_EXTENSIONS = YES;
				CLANG_ANALYZER_NONNULL = YES;
				CLANG_ANALYZER_NUMBER_OBJECT_CONVERSION = YES_AGGRESSIVE;
				CLANG_CXX_LANGUAGE_STANDARD = "gnu++20";
				CLANG_ENABLE_MODULES = YES;
				CLANG_ENABLE_OBJC_ARC = YES;
				CLANG_ENABLE_OBJC_WEAK = YES;
				CLANG_WARN_BLOCK_CAPTURE_AUTORELEASING = YES;
				CLANG_WARN_BOOL_CONVERSION = YES;
				CLANG_WARN_COMMA = YES;
				CLANG_WARN_CONSTANT_CONVERSION = YES;
				CLANG_WARN_DEPRECATED_OBJC_IMPLEMENTATIONS = YES;
				CLANG_WARN_DIRECT_OBJC_ISA_USAGE = YES_ERROR;
				CLANG_WARN_DOCUMENTATION_COMMENTS = YES;
				CLANG_WARN_EMPTY_BODY = YES;
				CLANG_WARN_ENUM_CONVERSION = YES;
				CLANG_WARN_INFINITE_RECURSION = YES;
				CLANG_WARN_INT_CONVERSION = YES;
				CLANG_WARN_NON_LITERAL_NULL_CONVERSION = YES;
				CLANG_WARN_OBJC_IMPLICIT_RETAIN_SELF = YES;
				CLANG_WARN_OBJC_LITERAL_CONVERSION = YES;
				CLANG_WARN_OBJC_ROOT_CLASS = YES_ERROR;
				CLANG_WARN_QUOTED_INCLUDE_IN_FRAMEWORK_HEADER = YES;
				CLANG_WARN_RANGE_LOOP_ANALYSIS = YES;
				CLANG_WARN_STRICT_PROTOTYPES = YES;
				CLANG_WARN_SUSPICIOUS_MOVE = YES;
				CLANG_WARN_UNGUARDED_AVAILABILITY = YES_AGGRESSIVE;
				CLANG_WARN_UNREACHABLE_CODE = YES;
				CLANG_WARN__DUPLICATE_METHOD_MATCH = YES;
				COPY_PHASE_STRIP = NO;
				DEBUG_INFORMATION_FORMAT = dwarf;
				ENABLE_STRICT_OBJC_MSGSEND = YES;
				ENABLE_TESTABILITY = YES;
				ENABLE_USER_SCRIPT_SANDBOXING = YES;
				GCC_C_LANGUAGE_STANDARD = gnu17;
				GCC_DYNAMIC_NO_PIC = NO;
				GCC_NO_COMMON_BLOCKS = YES;
				GCC_OPTIMIZATION_LEVEL = 0;
				GCC_PREPROCESSOR_DEFINITIONS = (
					"DEBUG=1",
					"$(inherited)",
				);
				GCC_WARN_64_TO_32_BIT_CONVERSION = YES;
				GCC_WARN_ABOUT_RETURN_TYPE = YES_ERROR;
				GCC_WARN_UNDECLARED_SELECTOR = YES;
				GCC_WARN_UNINITIALIZED_AUTOS = YES_AGGRESSIVE;
				GCC_WARN_UNUSED_FUNCTION = YES;
				GCC_WARN_UNUSED_VARIABLE = YES;
				IPHONEOS_DEPLOYMENT_TARGET = 16.6;
				LOCALIZATION_PREFERS_STRING_CATALOGS = YES;
				MTL_ENABLE_DEBUG_INFO = INCLUDE_SOURCE;
				MTL_FAST_MATH = YES;
				ONLY_ACTIVE_ARCH = YES;
				SDKROOT = iphoneos;
				STRING_CATALOG_GENERATE_SYMBOLS = YES;
				SWIFT_ACTIVE_COMPILATION_CONDITIONS = "DEBUG $(inherited)";
				SWIFT_OPTIMIZATION_LEVEL = "-Onone";
			};
			name = Debug;
		};
		627246D52DDB84AE000C8562 /* Release */ = {
			isa = XCBuildConfiguration;
			buildSettings = {
				ALWAYS_SEARCH_USER_PATHS = NO;
				ASSETCATALOG_COMPILER_GENERATE_SWIFT_ASSET_SYMBOL_EXTENSIONS = YES;
				CLANG_ANALYZER_NONNULL = YES;
				CLANG_ANALYZER_NUMBER_OBJECT_CONVERSION = YES_AGGRESSIVE;
				CLANG_CXX_LANGUAGE_STANDARD = "gnu++20";
				CLANG_ENABLE_MODULES = YES;
				CLANG_ENABLE_OBJC_ARC = YES;
				CLANG_ENABLE_OBJC_WEAK = YES;
				CLANG_WARN_BLOCK_CAPTURE_AUTORELEASING = YES;
				CLANG_WARN_BOOL_CONVERSION = YES;
				CLANG_WARN_COMMA = YES;
				CLANG_WARN_CONSTANT_CONVERSION = YES;
				CLANG_WARN_DEPRECATED_OBJC_IMPLEMENTATIONS = YES;
				CLANG_WARN_DIRECT_OBJC_ISA_USAGE = YES_ERROR;
				CLANG_WARN_DOCUMENTATION_COMMENTS = YES;
				CLANG_WARN_EMPTY_BODY = YES;
				CLANG_WARN_ENUM_CONVERSION = YES;
				CLANG_WARN_INFINITE_RECURSION = YES;
				CLANG_WARN_INT_CONVERSION = YES;
				CLANG_WARN_NON_LITERAL_NULL_CONVERSION = YES;
				CLANG_WARN_OBJC_IMPLICIT_RETAIN_SELF = YES;
				CLANG_WARN_OBJC_LITERAL_CONVERSION = YES;
				CLANG_WARN_OBJC_ROOT_CLASS = YES_ERROR;
				CLANG_WARN_QUOTED_INCLUDE_IN_FRAMEWORK_HEADER = YES;
				CLANG_WARN_RANGE_LOOP_ANALYSIS = YES;
				CLANG_WARN_STRICT_PROTOTYPES = YES;
				CLANG_WARN_SUSPICIOUS_MOVE = YES;
				CLANG_WARN_UNGUARDED_AVAILABILITY = YES_AGGRESSIVE;
				CLANG_WARN_UNREACHABLE_CODE = YES;
				CLANG_WARN__DUPLICATE_METHOD_MATCH = YES;
				COPY_PHASE_STRIP = NO;
				DEBUG_INFORMATION_FORMAT = "dwarf-with-dsym";
				ENABLE_NS_ASSERTIONS = NO;
				ENABLE_STRICT_OBJC_MSGSEND = YES;
				ENABLE_USER_SCRIPT_SANDBOXING = YES;
				GCC_C_LANGUAGE_STANDARD = gnu17;
				GCC_NO_COMMON_BLOCKS = YES;
				GCC_WARN_64_TO_32_BIT_CONVERSION = YES;
				GCC_WARN_ABOUT_RETURN_TYPE = YES_ERROR;
				GCC_WARN_UNDECLARED_SELECTOR = YES;
				GCC_WARN_UNINITIALIZED_AUTOS = YES_AGGRESSIVE;
				GCC_WARN_UNUSED_FUNCTION = YES;
				GCC_WARN_UNUSED_VARIABLE = YES;
				IPHONEOS_DEPLOYMENT_TARGET = 16.6;
				LOCALIZATION_PREFERS_STRING_CATALOGS = YES;
				MTL_ENABLE_DEBUG_INFO = NO;
				MTL_FAST_MATH = YES;
				SDKROOT = iphoneos;
				STRING_CATALOG_GENERATE_SYMBOLS = YES;
				SWIFT_COMPILATION_MODE = wholemodule;
				VALIDATE_PRODUCT = YES;
			};
			name = Release;
		};
		627246D72DDB84AE000C8562 /* Debug */ = {
			isa = XCBuildConfiguration;
			buildSettings = {
				ASSETCATALOG_COMPILER_APPICON_NAME = AppIcon;
				ASSETCATALOG_COMPILER_GLOBAL_ACCENT_COLOR_NAME = AccentColor;
				CODE_SIGN_STYLE = Automatic;
				CURRENT_PROJECT_VERSION = 1;
				DEVELOPMENT_ASSET_PATHS = "\"Spotify_Clone_IOS/Preview Content\"";
				DEVELOPMENT_TEAM = 7D2WXD5WMW;
				ENABLE_PREVIEWS = YES;
				GENERATE_INFOPLIST_FILE = YES;
				INFOPLIST_FILE = "Spotify-Clone-IOS-Info.plist";
				INFOPLIST_KEY_CFBundleDisplayName = Spotify_Clone_IOS;
				INFOPLIST_KEY_LSApplicationCategoryType = "public.app-category.music";
				INFOPLIST_KEY_UIApplicationSceneManifest_Generation = YES;
				INFOPLIST_KEY_UIApplicationSupportsIndirectInputEvents = YES;
				INFOPLIST_KEY_UILaunchScreen_Generation = YES;
				INFOPLIST_KEY_UIRequiresFullScreen = YES;
				INFOPLIST_KEY_UIStatusBarStyle = "";
				INFOPLIST_KEY_UISupportedInterfaceOrientations = UIInterfaceOrientationPortrait;
				IPHONEOS_DEPLOYMENT_TARGET = 16.6;
				LD_RUNPATH_SEARCH_PATHS = (
					"$(inherited)",
					"@executable_path/Frameworks",
				);
				MARKETING_VERSION = 1.0;
				PRODUCT_BUNDLE_IDENTIFIER = "com.cl.Spotify-Clone-IOS";
				PRODUCT_NAME = "$(TARGET_NAME)";
				SUPPORTED_PLATFORMS = "iphoneos iphonesimulator";
				SUPPORTS_MACCATALYST = NO;
				SUPPORTS_XR_DESIGNED_FOR_IPHONE_IPAD = NO;
				SWIFT_EMIT_LOC_STRINGS = YES;
				SWIFT_VERSION = 5.0;
				TARGETED_DEVICE_FAMILY = "1,2";
			};
			name = Debug;
		};
		627246D82DDB84AE000C8562 /* Release */ = {
			isa = XCBuildConfiguration;
			buildSettings = {
				ASSETCATALOG_COMPILER_APPICON_NAME = AppIcon;
				ASSETCATALOG_COMPILER_GLOBAL_ACCENT_COLOR_NAME = AccentColor;
				CODE_SIGN_STYLE = Automatic;
				CURRENT_PROJECT_VERSION = 1;
				DEVELOPMENT_ASSET_PATHS = "\"Spotify_Clone_IOS/Preview Content\"";
				DEVELOPMENT_TEAM = 7D2WXD5WMW;
				ENABLE_PREVIEWS = YES;
				GENERATE_INFOPLIST_FILE = YES;
				INFOPLIST_FILE = "Spotify-Clone-IOS-Info.plist";
				INFOPLIST_KEY_CFBundleDisplayName = Spotify_Clone_IOS;
				INFOPLIST_KEY_LSApplicationCategoryType = "public.app-category.music";
				INFOPLIST_KEY_UIApplicationSceneManifest_Generation = YES;
				INFOPLIST_KEY_UIApplicationSupportsIndirectInputEvents = YES;
				INFOPLIST_KEY_UILaunchScreen_Generation = YES;
				INFOPLIST_KEY_UIRequiresFullScreen = YES;
				INFOPLIST_KEY_UIStatusBarStyle = "";
				INFOPLIST_KEY_UISupportedInterfaceOrientations = UIInterfaceOrientationPortrait;
				IPHONEOS_DEPLOYMENT_TARGET = 16.6;
				LD_RUNPATH_SEARCH_PATHS = (
					"$(inherited)",
					"@executable_path/Frameworks",
				);
				MARKETING_VERSION = 1.0;
				PRODUCT_BUNDLE_IDENTIFIER = "com.cl.Spotify-Clone-IOS";
				PRODUCT_NAME = "$(TARGET_NAME)";
				SUPPORTED_PLATFORMS = "iphoneos iphonesimulator";
				SUPPORTS_MACCATALYST = NO;
				SUPPORTS_XR_DESIGNED_FOR_IPHONE_IPAD = NO;
				SWIFT_EMIT_LOC_STRINGS = YES;
				SWIFT_VERSION = 5.0;
				TARGETED_DEVICE_FAMILY = "1,2";
			};
			name = Release;
		};
		627246DA2DDB84AE000C8562 /* Debug */ = {
			isa = XCBuildConfiguration;
			buildSettings = {
				BUNDLE_LOADER = "$(TEST_HOST)";
				CODE_SIGN_STYLE = Automatic;
				CURRENT_PROJECT_VERSION = 1;
				GENERATE_INFOPLIST_FILE = YES;
				IPHONEOS_DEPLOYMENT_TARGET = 18.2;
				MARKETING_VERSION = 1.0;
				PRODUCT_BUNDLE_IDENTIFIER = "com.cl.Spotify-Clone-IOSTests";
				PRODUCT_NAME = "$(TARGET_NAME)";
				SWIFT_EMIT_LOC_STRINGS = NO;
				SWIFT_VERSION = 5.0;
				TARGETED_DEVICE_FAMILY = "1,2";
				TEST_HOST = "$(BUILT_PRODUCTS_DIR)/Spotify_Clone_IOS.app/$(BUNDLE_EXECUTABLE_FOLDER_PATH)/Spotify_Clone_IOS";
			};
			name = Debug;
		};
		627246DB2DDB84AE000C8562 /* Release */ = {
			isa = XCBuildConfiguration;
			buildSettings = {
				BUNDLE_LOADER = "$(TEST_HOST)";
				CODE_SIGN_STYLE = Automatic;
				CURRENT_PROJECT_VERSION = 1;
				GENERATE_INFOPLIST_FILE = YES;
				IPHONEOS_DEPLOYMENT_TARGET = 18.2;
				MARKETING_VERSION = 1.0;
				PRODUCT_BUNDLE_IDENTIFIER = "com.cl.Spotify-Clone-IOSTests";
				PRODUCT_NAME = "$(TARGET_NAME)";
				SWIFT_EMIT_LOC_STRINGS = NO;
				SWIFT_VERSION = 5.0;
				TARGETED_DEVICE_FAMILY = "1,2";
				TEST_HOST = "$(BUILT_PRODUCTS_DIR)/Spotify_Clone_IOS.app/$(BUNDLE_EXECUTABLE_FOLDER_PATH)/Spotify_Clone_IOS";
			};
			name = Release;
		};
		627246DD2DDB84AE000C8562 /* Debug */ = {
			isa = XCBuildConfiguration;
			buildSettings = {
				CODE_SIGN_STYLE = Automatic;
				CURRENT_PROJECT_VERSION = 1;
				GENERATE_INFOPLIST_FILE = YES;
				MARKETING_VERSION = 1.0;
				PRODUCT_BUNDLE_IDENTIFIER = "com.cl.Spotify-Clone-IOSUITests";
				PRODUCT_NAME = "$(TARGET_NAME)";
				SWIFT_EMIT_LOC_STRINGS = NO;
				SWIFT_VERSION = 5.0;
				TARGETED_DEVICE_FAMILY = "1,2";
				TEST_TARGET_NAME = Spotify_Clone_IOS;
			};
			name = Debug;
		};
		627246DE2DDB84AE000C8562 /* Release */ = {
			isa = XCBuildConfiguration;
			buildSettings = {
				CODE_SIGN_STYLE = Automatic;
				CURRENT_PROJECT_VERSION = 1;
				GENERATE_INFOPLIST_FILE = YES;
				MARKETING_VERSION = 1.0;
				PRODUCT_BUNDLE_IDENTIFIER = "com.cl.Spotify-Clone-IOSUITests";
				PRODUCT_NAME = "$(TARGET_NAME)";
				SWIFT_EMIT_LOC_STRINGS = NO;
				SWIFT_VERSION = 5.0;
				TARGETED_DEVICE_FAMILY = "1,2";
				TEST_TARGET_NAME = Spotify_Clone_IOS;
			};
			name = Release;
		};
/* End XCBuildConfiguration section */

/* Begin XCConfigurationList section */
		627246AD2DDB84AD000C8562 /* Build configuration list for PBXProject "Spotify_Clone_IOS" */ = {
			isa = XCConfigurationList;
			buildConfigurations = (
				627246D42DDB84AE000C8562 /* Debug */,
				627246D52DDB84AE000C8562 /* Release */,
			);
			defaultConfigurationIsVisible = 0;
			defaultConfigurationName = Release;
		};
		627246D62DDB84AE000C8562 /* Build configuration list for PBXNativeTarget "Spotify_Clone_IOS" */ = {
			isa = XCConfigurationList;
			buildConfigurations = (
				627246D72DDB84AE000C8562 /* Debug */,
				627246D82DDB84AE000C8562 /* Release */,
			);
			defaultConfigurationIsVisible = 0;
			defaultConfigurationName = Release;
		};
		627246D92DDB84AE000C8562 /* Build configuration list for PBXNativeTarget "Spotify_Clone_IOSTests" */ = {
			isa = XCConfigurationList;
			buildConfigurations = (
				627246DA2DDB84AE000C8562 /* Debug */,
				627246DB2DDB84AE000C8562 /* Release */,
			);
			defaultConfigurationIsVisible = 0;
			defaultConfigurationName = Release;
		};
		627246DC2DDB84AE000C8562 /* Build configuration list for PBXNativeTarget "Spotify_Clone_IOSUITests" */ = {
			isa = XCConfigurationList;
			buildConfigurations = (
				627246DD2DDB84AE000C8562 /* Debug */,
				627246DE2DDB84AE000C8562 /* Release */,
			);
			defaultConfigurationIsVisible = 0;
			defaultConfigurationName = Release;
		};
/* End XCConfigurationList section */
	};
	rootObject = 627246AA2DDB84AD000C8562 /* Project object */;
}
